
Microsoft Visual Studio Solution File, Format Version 12.00
# Visual Studio Version 17
VisualStudioVersion = 17.14.36310.24
MinimumVisualStudioVersion = 10.0.40219.1
Project("{FAE04EC0-301F-11D3-BF4B-00C04F79EFBC}") = "SEMANA1_C#", "SEMANA1_C#\SEMANA1_C#.csproj", "{A0309AF7-187F-4CFA-B537-0ECEBC6192B7}"
EndProject
Project("{888888A0-9F3D-457C-B088-3A5042F75D52}") = "PythonApplication", "PythonApplication\PythonApplication.pyproj", "{2E9A5C2E-ADBE-4028-8F76-F694EE32B542}"
EndProject
Project("{888888A0-9F3D-457C-B088-3A5042F75D52}") = "SEMANA4-PY", "SEMANA4-PY\SEMANA4-PY.pyproj", "{774CA231-1052-4A85-AFE5-5122DC6142B9}"
EndProject
Project("{888888A0-9F3D-457C-B088-3A5042F75D52}") = "SEMANA5_PY", "SEMANA5_PY\SEMANA5_PY.pyproj", "{457AC4F2-E801-4A60-B3F5-42CC2E59A796}"
EndProject
Project("{888888A0-9F3D-457C-B088-3A5042F75D52}") = "EJERCICIO6_PY", "EJERCICIO6_PY\EJERCICIO6_PY.pyproj", "{F0860104-9899-4837-93F4-6B90F3988D25}"
EndProject
Project("{888888A0-9F3D-457C-B088-3A5042F75D52}") = "SEMANA7_PY", "SEMANA7_PY\SEMANA7_PY.pyproj", "{BA0A2676-8EFD-4F29-9DE3-BBAF7ED429C6}"
EndProject
Global
	GlobalSection(SolutionConfigurationPlatforms) = preSolution
		Debug|Any CPU = Debug|Any CPU
		Release|Any CPU = Release|Any CPU
	EndGlobalSection
	GlobalSection(ProjectConfigurationPlatforms) = postSolution
		{A0309AF7-187F-4CFA-B537-0ECEBC6192B7}.Debug|Any CPU.ActiveCfg = Debug|Any CPU
		{A0309AF7-187F-4CFA-B537-0ECEBC6192B7}.Debug|Any CPU.Build.0 = Debug|Any CPU
		{A0309AF7-187F-4CFA-B537-0ECEBC6192B7}.Release|Any CPU.ActiveCfg = Release|Any CPU
		{A0309AF7-187F-4CFA-B537-0ECEBC6192B7}.Release|Any CPU.Build.0 = Release|Any CPU
		{2E9A5C2E-ADBE-4028-8F76-F694EE32B542}.Debug|Any CPU.ActiveCfg = Debug|Any CPU
		{2E9A5C2E-ADBE-4028-8F76-F694EE32B542}.Release|Any CPU.ActiveCfg = Release|Any CPU
		{774CA231-1052-4A85-AFE5-5122DC6142B9}.Debug|Any CPU.ActiveCfg = Debug|Any CPU
		{774CA231-1052-4A85-AFE5-5122DC6142B9}.Release|Any CPU.ActiveCfg = Release|Any CPU
		{457AC4F2-E801-4A60-B3F5-42CC2E59A796}.Debug|Any CPU.ActiveCfg = Debug|Any CPU
		{457AC4F2-E801-4A60-B3F5-42CC2E59A796}.Release|Any CPU.ActiveCfg = Release|Any CPU
		{F0860104-9899-4837-93F4-6B90F3988D25}.Debug|Any CPU.ActiveCfg = Debug|Any CPU
		{F0860104-9899-4837-93F4-6B90F3988D25}.Release|Any CPU.ActiveCfg = Release|Any CPU
		{BA0A2676-8EFD-4F29-9DE3-BBAF7ED429C6}.Debug|Any CPU.ActiveCfg = Debug|Any CPU
		{BA0A2676-8EFD-4F29-9DE3-BBAF7ED429C6}.Release|Any CPU.ActiveCfg = Release|Any CPU
	EndGlobalSection
	GlobalSection(SolutionProperties) = preSolution
		HideSolutionNode = FALSE
	EndGlobalSection
	GlobalSection(ExtensibilityGlobals) = postSolution
		SolutionGuid = {DB1B92F3-A0DF-4057-8004-35124D6E29C7}
	EndGlobalSection
EndGlobal
